
Microsoft Visual Studio Solution File, Format Version 12.00
# Visual Studio 15
VisualStudioVersion = 15.0.26403.7
MinimumVisualStudioVersion = 10.0.40219.1
Project("{FAE04EC0-301F-11D3-BF4B-00C04F79EFBC}") = "UI", "UI\UI.csproj", "{0AE2E22C-672F-4285-9660-35194546F422}"
EndProject
Project("{FAE04EC0-301F-11D3-BF4B-00C04F79EFBC}") = "ConsoleUI", "ConsoleUI\ConsoleUI.csproj", "{FB2183F4-8E07-4914-8590-27F9D03254D8}"
EndProject
Project("{FAE04EC0-301F-11D3-BF4B-00C04F79EFBC}") = "PingerLibrary", "PingerLibrary\PingerLibrary.csproj", "{6220961F-9119-4C38-8149-65455C6390F1}"
EndProject
Global
	GlobalSection(SolutionConfigurationPlatforms) = preSolution
		Debug|Any CPU = Debug|Any CPU
		Release|Any CPU = Release|Any CPU
	EndGlobalSection
	GlobalSection(ProjectConfigurationPlatforms) = postSolution
		{0AE2E22C-672F-4285-9660-35194546F422}.Debug|Any CPU.ActiveCfg = Debug|Any CPU
		{0AE2E22C-672F-4285-9660-35194546F422}.Debug|Any CPU.Build.0 = Debug|Any CPU
		{0AE2E22C-672F-4285-9660-35194546F422}.Release|Any CPU.ActiveCfg = Release|Any CPU
		{0AE2E22C-672F-4285-9660-35194546F422}.Release|Any CPU.Build.0 = Release|Any CPU
		{FB2183F4-8E07-4914-8590-27F9D03254D8}.Debug|Any CPU.ActiveCfg = Debug|Any CPU
		{FB2183F4-8E07-4914-8590-27F9D03254D8}.Debug|Any CPU.Build.0 = Debug|Any CPU
		{FB2183F4-8E07-4914-8590-27F9D03254D8}.Release|Any CPU.ActiveCfg = Release|Any CPU
		{FB2183F4-8E07-4914-8590-27F9D03254D8}.Release|Any CPU.Build.0 = Release|Any CPU
		{6220961F-9119-4C38-8149-65455C6390F1}.Debug|Any CPU.ActiveCfg = Debug|Any CPU
		{6220961F-9119-4C38-8149-65455C6390F1}.Debug|Any CPU.Build.0 = Debug|Any CPU
		{6220961F-9119-4C38-8149-65455C6390F1}.Release|Any CPU.ActiveCfg = Release|Any CPU
		{6220961F-9119-4C38-8149-65455C6390F1}.Release|Any CPU.Build.0 = Release|Any CPU
	EndGlobalSection
	GlobalSection(SolutionProperties) = preSolution
		HideSolutionNode = FALSE
	EndGlobalSection
EndGlobal
